// !$*UTF8*$!
{
	archiveVersion = 1;
	classes = {
	};
	objectVersion = 55;
	objects = {

/* Begin PBXBuildFile section */
		E850E377284E072900000A54 /* Tests_iOS.swift in Sources */ = {isa = PBXBuildFile; fileRef = E850E376284E072900000A54 /* Tests_iOS.swift */; };
		E850E379284E072900000A54 /* Tests_iOSLaunchTests.swift in Sources */ = {isa = PBXBuildFile; fileRef = E850E378284E072900000A54 /* Tests_iOSLaunchTests.swift */; };
		E850E383284E072900000A54 /* Tests_macOS.swift in Sources */ = {isa = PBXBuildFile; fileRef = E850E382284E072900000A54 /* Tests_macOS.swift */; };
		E850E385284E072900000A54 /* Tests_macOSLaunchTests.swift in Sources */ = {isa = PBXBuildFile; fileRef = E850E384284E072900000A54 /* Tests_macOSLaunchTests.swift */; };
		E850E386284E072900000A54 /* scrumdinger.xcdatamodeld in Sources */ = {isa = PBXBuildFile; fileRef = E850E35B284E072800000A54 /* scrumdinger.xcdatamodeld */; };
		E850E387284E072900000A54 /* scrumdinger.xcdatamodeld in Sources */ = {isa = PBXBuildFile; fileRef = E850E35B284E072800000A54 /* scrumdinger.xcdatamodeld */; };
		E850E388284E072900000A54 /* scrumdingerApp.swift in Sources */ = {isa = PBXBuildFile; fileRef = E850E35D284E072800000A54 /* scrumdingerApp.swift */; };
		E850E389284E072900000A54 /* scrumdingerApp.swift in Sources */ = {isa = PBXBuildFile; fileRef = E850E35D284E072800000A54 /* scrumdingerApp.swift */; };
		E850E38A284E072900000A54 /* ContentView.swift in Sources */ = {isa = PBXBuildFile; fileRef = E850E35E284E072800000A54 /* ContentView.swift */; };
		E850E38B284E072900000A54 /* ContentView.swift in Sources */ = {isa = PBXBuildFile; fileRef = E850E35E284E072800000A54 /* ContentView.swift */; };
		E850E38C284E072900000A54 /* Persistence.swift in Sources */ = {isa = PBXBuildFile; fileRef = E850E35F284E072800000A54 /* Persistence.swift */; };
		E850E38D284E072900000A54 /* Persistence.swift in Sources */ = {isa = PBXBuildFile; fileRef = E850E35F284E072800000A54 /* Persistence.swift */; };
		E850E38E284E072900000A54 /* Assets.xcassets in Resources */ = {isa = PBXBuildFile; fileRef = E850E360284E072900000A54 /* Assets.xcassets */; };
		E850E38F284E072900000A54 /* Assets.xcassets in Resources */ = {isa = PBXBuildFile; fileRef = E850E360284E072900000A54 /* Assets.xcassets */; };
/* End PBXBuildFile section */

/* Begin PBXContainerItemProxy section */
		E850E373284E072900000A54 /* PBXContainerItemProxy */ = {
			isa = PBXContainerItemProxy;
			containerPortal = E850E356284E072800000A54 /* Project object */;
			proxyType = 1;
			remoteGlobalIDString = E850E364284E072900000A54;
			remoteInfo = "scrumdinger (iOS)";
		};
		E850E37F284E072900000A54 /* PBXContainerItemProxy */ = {
			isa = PBXContainerItemProxy;
			containerPortal = E850E356284E072800000A54 /* Project object */;
			proxyType = 1;
			remoteGlobalIDString = E850E36A284E072900000A54;
			remoteInfo = "scrumdinger (macOS)";
		};
/* End PBXContainerItemProxy section */

/* Begin PBXFileReference section */
		E850E35C284E072800000A54 /* Shared.xcdatamodel */ = {isa = PBXFileReference; lastKnownFileType = wrapper.xcdatamodel; path = Shared.xcdatamodel; sourceTree = "<group>"; };
		E850E35D284E072800000A54 /* scrumdingerApp.swift */ = {isa = PBXFileReference; lastKnownFileType = sourcecode.swift; path = scrumdingerApp.swift; sourceTree = "<group>"; };
		E850E35E284E072800000A54 /* ContentView.swift */ = {isa = PBXFileReference; lastKnownFileType = sourcecode.swift; path = ContentView.swift; sourceTree = "<group>"; };
		E850E35F284E072800000A54 /* Persistence.swift */ = {isa = PBXFileReference; lastKnownFileType = sourcecode.swift; path = Persistence.swift; sourceTree = "<group>"; };
		E850E360284E072900000A54 /* Assets.xcassets */ = {isa = PBXFileReference; lastKnownFileType = folder.assetcatalog; path = Assets.xcassets; sourceTree = "<group>"; };
		E850E365284E072900000A54 /* scrumdinger.app */ = {isa = PBXFileReference; explicitFileType = wrapper.application; includeInIndex = 0; path = scrumdinger.app; sourceTree = BUILT_PRODUCTS_DIR; };
		E850E36B284E072900000A54 /* scrumdinger.app */ = {isa = PBXFileReference; explicitFileType = wrapper.application; includeInIndex = 0; path = scrumdinger.app; sourceTree = BUILT_PRODUCTS_DIR; };
		E850E36D284E072900000A54 /* macOS.entitlements */ = {isa = PBXFileReference; lastKnownFileType = text.plist.entitlements; path = macOS.entitlements; sourceTree = "<group>"; };
		E850E372284E072900000A54 /* Tests iOS.xctest */ = {isa = PBXFileReference; explicitFileType = wrapper.cfbundle; includeInIndex = 0; path = "Tests iOS.xctest"; sourceTree = BUILT_PRODUCTS_DIR; };
		E850E376284E072900000A54 /* Tests_iOS.swift */ = {isa = PBXFileReference; lastKnownFileType = sourcecode.swift; path = Tests_iOS.swift; sourceTree = "<group>"; };
		E850E378284E072900000A54 /* Tests_iOSLaunchTests.swift */ = {isa = PBXFileReference; lastKnownFileType = sourcecode.swift; path = Tests_iOSLaunchTests.swift; sourceTree = "<group>"; };
		E850E37E284E072900000A54 /* Tests macOS.xctest */ = {isa = PBXFileReference; explicitFileType = wrapper.cfbundle; includeInIndex = 0; path = "Tests macOS.xctest"; sourceTree = BUILT_PRODUCTS_DIR; };
		E850E382284E072900000A54 /* Tests_macOS.swift */ = {isa = PBXFileReference; lastKnownFileType = sourcecode.swift; path = Tests_macOS.swift; sourceTree = "<group>"; };
		E850E384284E072900000A54 /* Tests_macOSLaunchTests.swift */ = {isa = PBXFileReference; lastKnownFileType = sourcecode.swift; path = Tests_macOSLaunchTests.swift; sourceTree = "<group>"; };
/* End PBXFileReference section */

/* Begin PBXFrameworksBuildPhase section */
		E850E362284E072900000A54 /* Frameworks */ = {
			isa = PBXFrameworksBuildPhase;
			buildActionMask = 2147483647;
			files = (
			);
			runOnlyForDeploymentPostprocessing = 0;
		};
		E850E368284E072900000A54 /* Frameworks */ = {
			isa = PBXFrameworksBuildPhase;
			buildActionMask = 2147483647;
			files = (
			);
			runOnlyForDeploymentPostprocessing = 0;
		};
		E850E36F284E072900000A54 /* Frameworks */ = {
			isa = PBXFrameworksBuildPhase;
			buildActionMask = 2147483647;
			files = (
			);
			runOnlyForDeploymentPostprocessing = 0;
		};
		E850E37B284E072900000A54 /* Frameworks */ = {
			isa = PBXFrameworksBuildPhase;
			buildActionMask = 2147483647;
			files = (
			);
			runOnlyForDeploymentPostprocessing = 0;
		};
/* End PBXFrameworksBuildPhase section */

/* Begin PBXGroup section */
		E850E355284E072800000A54 = {
			isa = PBXGroup;
			children = (
				E850E35A284E072800000A54 /* Shared */,
				E850E36C284E072900000A54 /* macOS */,
				E850E375284E072900000A54 /* Tests iOS */,
				E850E381284E072900000A54 /* Tests macOS */,
				E850E366284E072900000A54 /* Products */,
			);
			sourceTree = "<group>";
		};
		E850E35A284E072800000A54 /* Shared */ = {
			isa = PBXGroup;
			children = (
				E850E35D284E072800000A54 /* scrumdingerApp.swift */,
				E850E35E284E072800000A54 /* ContentView.swift */,
				E850E35F284E072800000A54 /* Persistence.swift */,
				E850E360284E072900000A54 /* Assets.xcassets */,
				E850E35B284E072800000A54 /* scrumdinger.xcdatamodeld */,
			);
			path = Shared;
			sourceTree = "<group>";
		};
		E850E366284E072900000A54 /* Products */ = {
			isa = PBXGroup;
			children = (
				E850E365284E072900000A54 /* scrumdinger.app */,
				E850E36B284E072900000A54 /* scrumdinger.app */,
				E850E372284E072900000A54 /* Tests iOS.xctest */,
				E850E37E284E072900000A54 /* Tests macOS.xctest */,
			);
			name = Products;
			sourceTree = "<group>";
		};
		E850E36C284E072900000A54 /* macOS */ = {
			isa = PBXGroup;
			children = (
				E850E36D284E072900000A54 /* macOS.entitlements */,
			);
			path = macOS;
			sourceTree = "<group>";
		};
		E850E375284E072900000A54 /* Tests iOS */ = {
			isa = PBXGroup;
			children = (
				E850E376284E072900000A54 /* Tests_iOS.swift */,
				E850E378284E072900000A54 /* Tests_iOSLaunchTests.swift */,
			);
			path = "Tests iOS";
			sourceTree = "<group>";
		};
		E850E381284E072900000A54 /* Tests macOS */ = {
			isa = PBXGroup;
			children = (
				E850E382284E072900000A54 /* Tests_macOS.swift */,
				E850E384284E072900000A54 /* Tests_macOSLaunchTests.swift */,
			);
			path = "Tests macOS";
			sourceTree = "<group>";
		};
/* End PBXGroup section */

/* Begin PBXNativeTarget section */
		E850E364284E072900000A54 /* scrumdinger (iOS) */ = {
			isa = PBXNativeTarget;
			buildConfigurationList = E850E392284E072900000A54 /* Build configuration list for PBXNativeTarget "scrumdinger (iOS)" */;
			buildPhases = (
				E850E361284E072900000A54 /* Sources */,
				E850E362284E072900000A54 /* Frameworks */,
				E850E363284E072900000A54 /* Resources */,
			);
			buildRules = (
			);
			dependencies = (
			);
			name = "scrumdinger (iOS)";
			productName = "scrumdinger (iOS)";
			productReference = E850E365284E072900000A54 /* scrumdinger.app */;
			productType = "com.apple.product-type.application";
		};
		E850E36A284E072900000A54 /* scrumdinger (macOS) */ = {
			isa = PBXNativeTarget;
			buildConfigurationList = E850E395284E072900000A54 /* Build configuration list for PBXNativeTarget "scrumdinger (macOS)" */;
			buildPhases = (
				E850E367284E072900000A54 /* Sources */,
				E850E368284E072900000A54 /* Frameworks */,
				E850E369284E072900000A54 /* Resources */,
			);
			buildRules = (
			);
			dependencies = (
			);
			name = "scrumdinger (macOS)";
			productName = "scrumdinger (macOS)";
			productReference = E850E36B284E072900000A54 /* scrumdinger.app */;
			productType = "com.apple.product-type.application";
		};
		E850E371284E072900000A54 /* Tests iOS */ = {
			isa = PBXNativeTarget;
			buildConfigurationList = E850E398284E072900000A54 /* Build configuration list for PBXNativeTarget "Tests iOS" */;
			buildPhases = (
				E850E36E284E072900000A54 /* Sources */,
				E850E36F284E072900000A54 /* Frameworks */,
				E850E370284E072900000A54 /* Resources */,
			);
			buildRules = (
			);
			dependencies = (
				E850E374284E072900000A54 /* PBXTargetDependency */,
			);
			name = "Tests iOS";
			productName = "Tests iOS";
			productReference = E850E372284E072900000A54 /* Tests iOS.xctest */;
			productType = "com.apple.product-type.bundle.ui-testing";
		};
		E850E37D284E072900000A54 /* Tests macOS */ = {
			isa = PBXNativeTarget;
			buildConfigurationList = E850E39B284E072900000A54 /* Build configuration list for PBXNativeTarget "Tests macOS" */;
			buildPhases = (
				E850E37A284E072900000A54 /* Sources */,
				E850E37B284E072900000A54 /* Frameworks */,
				E850E37C284E072900000A54 /* Resources */,
			);
			buildRules = (
			);
			dependencies = (
				E850E380284E072900000A54 /* PBXTargetDependency */,
			);
			name = "Tests macOS";
			productName = "Tests macOS";
			productReference = E850E37E284E072900000A54 /* Tests macOS.xctest */;
			productType = "com.apple.product-type.bundle.ui-testing";
		};
/* End PBXNativeTarget section */

/* Begin PBXProject section */
		E850E356284E072800000A54 /* Project object */ = {
			isa = PBXProject;
			attributes = {
				BuildIndependentTargetsInParallel = 1;
				LastSwiftUpdateCheck = 1330;
				LastUpgradeCheck = 1330;
				TargetAttributes = {
					E850E364284E072900000A54 = {
						CreatedOnToolsVersion = 13.3.1;
					};
					E850E36A284E072900000A54 = {
						CreatedOnToolsVersion = 13.3.1;
					};
					E850E371284E072900000A54 = {
						CreatedOnToolsVersion = 13.3.1;
						TestTargetID = E850E364284E072900000A54;
					};
					E850E37D284E072900000A54 = {
						CreatedOnToolsVersion = 13.3.1;
						TestTargetID = E850E36A284E072900000A54;
					};
				};
			};
			buildConfigurationList = E850E359284E072800000A54 /* Build configuration list for PBXProject "scrumdinger" */;
			compatibilityVersion = "Xcode 13.0";
			developmentRegion = en;
			hasScannedForEncodings = 0;
			knownRegions = (
				en,
				Base,
			);
			mainGroup = E850E355284E072800000A54;
			productRefGroup = E850E366284E072900000A54 /* Products */;
			projectDirPath = "";
			projectRoot = "";
			targets = (
				E850E364284E072900000A54 /* scrumdinger (iOS) */,
				E850E36A284E072900000A54 /* scrumdinger (macOS) */,
				E850E371284E072900000A54 /* Tests iOS */,
				E850E37D284E072900000A54 /* Tests macOS */,
			);
		};
/* End PBXProject section */

/* Begin PBXResourcesBuildPhase section */
		E850E363284E072900000A54 /* Resources */ = {
			isa = PBXResourcesBuildPhase;
			buildActionMask = 2147483647;
			files = (
				E850E38E284E072900000A54 /* Assets.xcassets in Resources */,
			);
			runOnlyForDeploymentPostprocessing = 0;
		};
		E850E369284E072900000A54 /* Resources */ = {
			isa = PBXResourcesBuildPhase;
			buildActionMask = 2147483647;
			files = (
				E850E38F284E072900000A54 /* Assets.xcassets in Resources */,
			);
			runOnlyForDeploymentPostprocessing = 0;
		};
		E850E370284E072900000A54 /* Resources */ = {
			isa = PBXResourcesBuildPhase;
			buildActionMask = 2147483647;
			files = (
			);
			runOnlyForDeploymentPostprocessing = 0;
		};
		E850E37C284E072900000A54 /* Resources */ = {
			isa = PBXResourcesBuildPhase;
			buildActionMask = 2147483647;
			files = (
			);
			runOnlyForDeploymentPostprocessing = 0;
		};
/* End PBXResourcesBuildPhase section */

/* Begin PBXSourcesBuildPhase section */
		E850E361284E072900000A54 /* Sources */ = {
			isa = PBXSourcesBuildPhase;
			buildActionMask = 2147483647;
			files = (
				E850E386284E072900000A54 /* scrumdinger.xcdatamodeld in Sources */,
				E850E38C284E072900000A54 /* Persistence.swift in Sources */,
				E850E388284E072900000A54 /* scrumdingerApp.swift in Sources */,
				E850E38A284E072900000A54 /* ContentView.swift in Sources */,
			);
			runOnlyForDeploymentPostprocessing = 0;
		};
		E850E367284E072900000A54 /* Sources */ = {
			isa = PBXSourcesBuildPhase;
			buildActionMask = 2147483647;
			files = (
				E850E387284E072900000A54 /* scrumdinger.xcdatamodeld in Sources */,
				E850E38D284E072900000A54 /* Persistence.swift in Sources */,
				E850E389284E072900000A54 /* scrumdingerApp.swift in Sources */,
				E850E38B284E072900000A54 /* ContentView.swift in Sources */,
			);
			runOnlyForDeploymentPostprocessing = 0;
		};
		E850E36E284E072900000A54 /* Sources */ = {
			isa = PBXSourcesBuildPhase;
			buildActionMask = 2147483647;
			files = (
				E850E379284E072900000A54 /* Tests_iOSLaunchTests.swift in Sources */,
				E850E377284E072900000A54 /* Tests_iOS.swift in Sources */,
			);
			runOnlyForDeploymentPostprocessing = 0;
		};
		E850E37A284E072900000A54 /* Sources */ = {
			isa = PBXSourcesBuildPhase;
			buildActionMask = 2147483647;
			files = (
				E850E385284E072900000A54 /* Tests_macOSLaunchTests.swift in Sources */,
				E850E383284E072900000A54 /* Tests_macOS.swift in Sources */,
			);
			runOnlyForDeploymentPostprocessing = 0;
		};
/* End PBXSourcesBuildPhase section */

/* Begin PBXTargetDependency section */
		E850E374284E072900000A54 /* PBXTargetDependency */ = {
			isa = PBXTargetDependency;
			target = E850E364284E072900000A54 /* scrumdinger (iOS) */;
			targetProxy = E850E373284E072900000A54 /* PBXContainerItemProxy */;
		};
		E850E380284E072900000A54 /* PBXTargetDependency */ = {
			isa = PBXTargetDependency;
			target = E850E36A284E072900000A54 /* scrumdinger (macOS) */;
			targetProxy = E850E37F284E072900000A54 /* PBXContainerItemProxy */;
		};
/* End PBXTargetDependency section */

/* Begin XCBuildConfiguration section */
		E850E390284E072900000A54 /* Debug */ = {
			isa = XCBuildConfiguration;
			buildSettings = {
				ALWAYS_SEARCH_USER_PATHS = NO;
				CLANG_ANALYZER_NONNULL = YES;
				CLANG_ANALYZER_NUMBER_OBJECT_CONVERSION = YES_AGGRESSIVE;
				CLANG_CXX_LANGUAGE_STANDARD = "gnu++17";
				CLANG_ENABLE_MODULES = YES;
				CLANG_ENABLE_OBJC_ARC = YES;
				CLANG_ENABLE_OBJC_WEAK = YES;
				CLANG_WARN_BLOCK_CAPTURE_AUTORELEASING = YES;
				CLANG_WARN_BOOL_CONVERSION = YES;
				CLANG_WARN_COMMA = YES;
				CLANG_WARN_CONSTANT_CONVERSION = YES;
				CLANG_WARN_DEPRECATED_OBJC_IMPLEMENTATIONS = YES;
				CLANG_WARN_DIRECT_OBJC_ISA_USAGE = YES_ERROR;
				CLANG_WARN_DOCUMENTATION_COMMENTS = YES;
				CLANG_WARN_EMPTY_BODY = YES;
				CLANG_WARN_ENUM_CONVERSION = YES;
				CLANG_WARN_INFINITE_RECURSION = YES;
				CLANG_WARN_INT_CONVERSION = YES;
				CLANG_WARN_NON_LITERAL_NULL_CONVERSION = YES;
				CLANG_WARN_OBJC_IMPLICIT_RETAIN_SELF = YES;
				CLANG_WARN_OBJC_LITERAL_CONVERSION = YES;
				CLANG_WARN_OBJC_ROOT_CLASS = YES_ERROR;
				CLANG_WARN_QUOTED_INCLUDE_IN_FRAMEWORK_HEADER = YES;
				CLANG_WARN_RANGE_LOOP_ANALYSIS = YES;
				CLANG_WARN_STRICT_PROTOTYPES = YES;
				CLANG_WARN_SUSPICIOUS_MOVE = YES;
				CLANG_WARN_UNGUARDED_AVAILABILITY = YES_AGGRESSIVE;
				CLANG_WARN_UNREACHABLE_CODE = YES;
				CLANG_WARN__DUPLICATE_METHOD_MATCH = YES;
				COPY_PHASE_STRIP = NO;
				DEBUG_INFORMATION_FORMAT = dwarf;
				ENABLE_STRICT_OBJC_MSGSEND = YES;
				ENABLE_TESTABILITY = YES;
				GCC_C_LANGUAGE_STANDARD = gnu11;
				GCC_DYNAMIC_NO_PIC = NO;
				GCC_NO_COMMON_BLOCKS = YES;
				GCC_OPTIMIZATION_LEVEL = 0;
				GCC_PREPROCESSOR_DEFINITIONS = (
					"DEBUG=1",
					"$(inherited)",
				);
				GCC_WARN_64_TO_32_BIT_CONVERSION = YES;
				GCC_WARN_ABOUT_RETURN_TYPE = YES_ERROR;
				GCC_WARN_UNDECLARED_SELECTOR = YES;
				GCC_WARN_UNINITIALIZED_AUTOS = YES_AGGRESSIVE;
				GCC_WARN_UNUSED_FUNCTION = YES;
				GCC_WARN_UNUSED_VARIABLE = YES;
				MTL_ENABLE_DEBUG_INFO = INCLUDE_SOURCE;
				MTL_FAST_MATH = YES;
				ONLY_ACTIVE_ARCH = YES;
				SWIFT_ACTIVE_COMPILATION_CONDITIONS = DEBUG;
				SWIFT_OPTIMIZATION_LEVEL = "-Onone";
			};
			name = Debug;
		};
		E850E391284E072900000A54 /* Release */ = {
			isa = XCBuildConfiguration;
			buildSettings = {
				ALWAYS_SEARCH_USER_PATHS = NO;
				CLANG_ANALYZER_NONNULL = YES;
				CLANG_ANALYZER_NUMBER_OBJECT_CONVERSION = YES_AGGRESSIVE;
				CLANG_CXX_LANGUAGE_STANDARD = "gnu++17";
				CLANG_ENABLE_MODULES = YES;
				CLANG_ENABLE_OBJC_ARC = YES;
				CLANG_ENABLE_OBJC_WEAK = YES;
				CLANG_WARN_BLOCK_CAPTURE_AUTORELEASING = YES;
				CLANG_WARN_BOOL_CONVERSION = YES;
				CLANG_WARN_COMMA = YES;
				CLANG_WARN_CONSTANT_CONVERSION = YES;
				CLANG_WARN_DEPRECATED_OBJC_IMPLEMENTATIONS = YES;
				CLANG_WARN_DIRECT_OBJC_ISA_USAGE = YES_ERROR;
				CLANG_WARN_DOCUMENTATION_COMMENTS = YES;
				CLANG_WARN_EMPTY_BODY = YES;
				CLANG_WARN_ENUM_CONVERSION = YES;
				CLANG_WARN_INFINITE_RECURSION = YES;
				CLANG_WARN_INT_CONVERSION = YES;
				CLANG_WARN_NON_LITERAL_NULL_CONVERSION = YES;
				CLANG_WARN_OBJC_IMPLICIT_RETAIN_SELF = YES;
				CLANG_WARN_OBJC_LITERAL_CONVERSION = YES;
				CLANG_WARN_OBJC_ROOT_CLASS = YES_ERROR;
				CLANG_WARN_QUOTED_INCLUDE_IN_FRAMEWORK_HEADER = YES;
				CLANG_WARN_RANGE_LOOP_ANALYSIS = YES;
				CLANG_WARN_STRICT_PROTOTYPES = YES;
				CLANG_WARN_SUSPICIOUS_MOVE = YES;
				CLANG_WARN_UNGUARDED_AVAILABILITY = YES_AGGRESSIVE;
				CLANG_WARN_UNREACHABLE_CODE = YES;
				CLANG_WARN__DUPLICATE_METHOD_MATCH = YES;
				COPY_PHASE_STRIP = NO;
				DEBUG_INFORMATION_FORMAT = "dwarf-with-dsym";
				ENABLE_NS_ASSERTIONS = NO;
				ENABLE_STRICT_OBJC_MSGSEND = YES;
				GCC_C_LANGUAGE_STANDARD = gnu11;
				GCC_NO_COMMON_BLOCKS = YES;
				GCC_WARN_64_TO_32_BIT_CONVERSION = YES;
				GCC_WARN_ABOUT_RETURN_TYPE = YES_ERROR;
				GCC_WARN_UNDECLARED_SELECTOR = YES;
				GCC_WARN_UNINITIALIZED_AUTOS = YES_AGGRESSIVE;
				GCC_WARN_UNUSED_FUNCTION = YES;
				GCC_WARN_UNUSED_VARIABLE = YES;
				MTL_ENABLE_DEBUG_INFO = NO;
				MTL_FAST_MATH = YES;
				SWIFT_COMPILATION_MODE = wholemodule;
				SWIFT_OPTIMIZATION_LEVEL = "-O";
			};
			name = Release;
		};
		E850E393284E072900000A54 /* Debug */ = {
			isa = XCBuildConfiguration;
			buildSettings = {
				ASSETCATALOG_COMPILER_APPICON_NAME = AppIcon;
				ASSETCATALOG_COMPILER_GLOBAL_ACCENT_COLOR_NAME = AccentColor;
				CODE_SIGN_STYLE = Automatic;
				CURRENT_PROJECT_VERSION = 1;
				DEVELOPMENT_TEAM = ZMQPA9AM6F;
				ENABLE_PREVIEWS = YES;
				GENERATE_INFOPLIST_FILE = YES;
				INFOPLIST_KEY_UIApplicationSceneManifest_Generation = YES;
				INFOPLIST_KEY_UIApplicationSupportsIndirectInputEvents = YES;
				INFOPLIST_KEY_UILaunchScreen_Generation = YES;
				INFOPLIST_KEY_UISupportedInterfaceOrientations_iPad = "UIInterfaceOrientationPortrait UIInterfaceOrientationPortraitUpsideDown UIInterfaceOrientationLandscapeLeft UIInterfaceOrientationLandscapeRight";
				INFOPLIST_KEY_UISupportedInterfaceOrientations_iPhone = "UIInterfaceOrientationPortrait UIInterfaceOrientationLandscapeLeft UIInterfaceOrientationLandscapeRight";
				IPHONEOS_DEPLOYMENT_TARGET = 15.4;
				LD_RUNPATH_SEARCH_PATHS = (
					"$(inherited)",
					"@executable_path/Frameworks",
				);
				MARKETING_VERSION = 1.0;
				PRODUCT_BUNDLE_IDENTIFIER = com.example.scrumdinger.scrumdinger;
				PRODUCT_NAME = scrumdinger;
				SDKROOT = iphoneos;
				SWIFT_EMIT_LOC_STRINGS = YES;
				SWIFT_VERSION = 5.0;
				TARGETED_DEVICE_FAMILY = "1,2";
			};
			name = Debug;
		};
		E850E394284E072900000A54 /* Release */ = {
			isa = XCBuildConfiguration;
			buildSettings = {
				ASSETCATALOG_COMPILER_APPICON_NAME = AppIcon;
				ASSETCATALOG_COMPILER_GLOBAL_ACCENT_COLOR_NAME = AccentColor;
				CODE_SIGN_STYLE = Automatic;
				CURRENT_PROJECT_VERSION = 1;
				DEVELOPMENT_TEAM = ZMQPA9AM6F;
				ENABLE_PREVIEWS = YES;
				GENERATE_INFOPLIST_FILE = YES;
				INFOPLIST_KEY_UIApplicationSceneManifest_Generation = YES;
				INFOPLIST_KEY_UIApplicationSupportsIndirectInputEvents = YES;
				INFOPLIST_KEY_UILaunchScreen_Generation = YES;
				INFOPLIST_KEY_UISupportedInterfaceOrientations_iPad = "UIInterfaceOrientationPortrait UIInterfaceOrientationPortraitUpsideDown UIInterfaceOrientationLandscapeLeft UIInterfaceOrientationLandscapeRight";
				INFOPLIST_KEY_UISupportedInterfaceOrientations_iPhone = "UIInterfaceOrientationPortrait UIInterfaceOrientationLandscapeLeft UIInterfaceOrientationLandscapeRight";
				IPHONEOS_DEPLOYMENT_TARGET = 15.4;
				LD_RUNPATH_SEARCH_PATHS = (
					"$(inherited)",
					"@executable_path/Frameworks",
				);
				MARKETING_VERSION = 1.0;
				PRODUCT_BUNDLE_IDENTIFIER = com.example.scrumdinger.scrumdinger;
				PRODUCT_NAME = scrumdinger;
				SDKROOT = iphoneos;
				SWIFT_EMIT_LOC_STRINGS = YES;
				SWIFT_VERSION = 5.0;
				TARGETED_DEVICE_FAMILY = "1,2";
				VALIDATE_PRODUCT = YES;
			};
			name = Release;
		};
		E850E396284E072900000A54 /* Debug */ = {
			isa = XCBuildConfiguration;
			buildSettings = {
				ASSETCATALOG_COMPILER_APPICON_NAME = AppIcon;
				ASSETCATALOG_COMPILER_GLOBAL_ACCENT_COLOR_NAME = AccentColor;
				CODE_SIGN_ENTITLEMENTS = macOS/macOS.entitlements;
				CODE_SIGN_STYLE = Automatic;
				COMBINE_HIDPI_IMAGES = YES;
				CURRENT_PROJECT_VERSION = 1;
				DEVELOPMENT_TEAM = ZMQPA9AM6F;
				ENABLE_HARDENED_RUNTIME = YES;
				ENABLE_PREVIEWS = YES;
				GENERATE_INFOPLIST_FILE = YES;
				INFOPLIST_KEY_NSHumanReadableCopyright = "";
				LD_RUNPATH_SEARCH_PATHS = (
					"$(inherited)",
					"@executable_path/../Frameworks",
				);
				MACOSX_DEPLOYMENT_TARGET = 12.1;
				MARKETING_VERSION = 1.0;
				PRODUCT_BUNDLE_IDENTIFIER = com.example.scrumdinger.scrumdinger;
				PRODUCT_NAME = scrumdinger;
				SDKROOT = macosx;
				SWIFT_EMIT_LOC_STRINGS = YES;
				SWIFT_VERSION = 5.0;
			};
			name = Debug;
		};
		E850E397284E072900000A54 /* Release */ = {
			isa = XCBuildConfiguration;
			buildSettings = {
				ASSETCATALOG_COMPILER_APPICON_NAME = AppIcon;
				ASSETCATALOG_COMPILER_GLOBAL_ACCENT_COLOR_NAME = AccentColor;
				CODE_SIGN_ENTITLEMENTS = macOS/macOS.entitlements;
				CODE_SIGN_STYLE = Automatic;
				COMBINE_HIDPI_IMAGES = YES;
				CURRENT_PROJECT_VERSION = 1;
				DEVELOPMENT_TEAM = ZMQPA9AM6F;
				ENABLE_HARDENED_RUNTIME = YES;
				ENABLE_PREVIEWS = YES;
				GENERATE_INFOPLIST_FILE = YES;
				INFOPLIST_KEY_NSHumanReadableCopyright = "";
				LD_RUNPATH_SEARCH_PATHS = (
					"$(inherited)",
					"@executable_path/../Frameworks",
				);
				MACOSX_DEPLOYMENT_TARGET = 12.1;
				MARKETING_VERSION = 1.0;
				PRODUCT_BUNDLE_IDENTIFIER = com.example.scrumdinger.scrumdinger;
				PRODUCT_NAME = scrumdinger;
				SDKROOT = macosx;
				SWIFT_EMIT_LOC_STRINGS = YES;
				SWIFT_VERSION = 5.0;
			};
			name = Release;
		};
		E850E399284E072900000A54 /* Debug */ = {
			isa = XCBuildConfiguration;
			buildSettings = {
				ALWAYS_EMBED_SWIFT_STANDARD_LIBRARIES = YES;
				CODE_SIGN_STYLE = Automatic;
				CURRENT_PROJECT_VERSION = 1;
				DEVELOPMENT_TEAM = ZMQPA9AM6F;
				GENERATE_INFOPLIST_FILE = YES;
				IPHONEOS_DEPLOYMENT_TARGET = 15.4;
				MARKETING_VERSION = 1.0;
				PRODUCT_BUNDLE_IDENTIFIER = "com.example.scrumdinger.Tests-iOS";
				PRODUCT_NAME = "$(TARGET_NAME)";
				SDKROOT = iphoneos;
				SWIFT_EMIT_LOC_STRINGS = NO;
				SWIFT_VERSION = 5.0;
				TARGETED_DEVICE_FAMILY = "1,2";
				TEST_TARGET_NAME = "scrumdinger (iOS)";
			};
			name = Debug;
		};
		E850E39A284E072900000A54 /* Release */ = {
			isa = XCBuildConfiguration;
			buildSettings = {
				ALWAYS_EMBED_SWIFT_STANDARD_LIBRARIES = YES;
				CODE_SIGN_STYLE = Automatic;
				CURRENT_PROJECT_VERSION = 1;
				DEVELOPMENT_TEAM = ZMQPA9AM6F;
				GENERATE_INFOPLIST_FILE = YES;
				IPHONEOS_DEPLOYMENT_TARGET = 15.4;
				MARKETING_VERSION = 1.0;
				PRODUCT_BUNDLE_IDENTIFIER = "com.example.scrumdinger.Tests-iOS";
				PRODUCT_NAME = "$(TARGET_NAME)";
				SDKROOT = iphoneos;
				SWIFT_EMIT_LOC_STRINGS = NO;
				SWIFT_VERSION = 5.0;
				TARGETED_DEVICE_FAMILY = "1,2";
				TEST_TARGET_NAME = "scrumdinger (iOS)";
				VALIDATE_PRODUCT = YES;
			};
			name = Release;
		};
		E850E39C284E072900000A54 /* Debug */ = {
			isa = XCBuildConfiguration;
			buildSettings = {
				ALWAYS_EMBED_SWIFT_STANDARD_LIBRARIES = YES;
				CODE_SIGN_STYLE = Automatic;
				CURRENT_PROJECT_VERSION = 1;
				DEVELOPMENT_TEAM = ZMQPA9AM6F;
				GENERATE_INFOPLIST_FILE = YES;
				MACOSX_DEPLOYMENT_TARGET = 12.1;
				MARKETING_VERSION = 1.0;
				PRODUCT_BUNDLE_IDENTIFIER = "com.example.scrumdinger.Tests-macOS";
				PRODUCT_NAME = "$(TARGET_NAME)";
				SDKROOT = macosx;
				SWIFT_EMIT_LOC_STRINGS = NO;
				SWIFT_VERSION = 5.0;
				TEST_TARGET_NAME = "scrumdinger (macOS)";
			};
			name = Debug;
		};
		E850E39D284E072900000A54 /* Release */ = {
			isa = XCBuildConfiguration;
			buildSettings = {
				ALWAYS_EMBED_SWIFT_STANDARD_LIBRARIES = YES;
				CODE_SIGN_STYLE = Automatic;
				CURRENT_PROJECT_VERSION = 1;
				DEVELOPMENT_TEAM = ZMQPA9AM6F;
				GENERATE_INFOPLIST_FILE = YES;
				MACOSX_DEPLOYMENT_TARGET = 12.1;
				MARKETING_VERSION = 1.0;
				PRODUCT_BUNDLE_IDENTIFIER = "com.example.scrumdinger.Tests-macOS";
				PRODUCT_NAME = "$(TARGET_NAME)";
				SDKROOT = macosx;
				SWIFT_EMIT_LOC_STRINGS = NO;
				SWIFT_VERSION = 5.0;
				TEST_TARGET_NAME = "scrumdinger (macOS)";
			};
			name = Release;
		};
/* End XCBuildConfiguration section */

/* Begin XCConfigurationList section */
		E850E359284E072800000A54 /* Build configuration list for PBXProject "scrumdinger" */ = {
			isa = XCConfigurationList;
			buildConfigurations = (
				E850E390284E072900000A54 /* Debug */,
				E850E391284E072900000A54 /* Release */,
			);
			defaultConfigurationIsVisible = 0;
			defaultConfigurationName = Release;
		};
		E850E392284E072900000A54 /* Build configuration list for PBXNativeTarget "scrumdinger (iOS)" */ = {
			isa = XCConfigurationList;
			buildConfigurations = (
				E850E393284E072900000A54 /* Debug */,
				E850E394284E072900000A54 /* Release */,
			);
			defaultConfigurationIsVisible = 0;
			defaultConfigurationName = Release;
		};
		E850E395284E072900000A54 /* Build configuration list for PBXNativeTarget "scrumdinger (macOS)" */ = {
			isa = XCConfigurationList;
			buildConfigurations = (
				E850E396284E072900000A54 /* Debug */,
				E850E397284E072900000A54 /* Release */,
			);
			defaultConfigurationIsVisible = 0;
			defaultConfigurationName = Release;
		};
		E850E398284E072900000A54 /* Build configuration list for PBXNativeTarget "Tests iOS" */ = {
			isa = XCConfigurationList;
			buildConfigurations = (
				E850E399284E072900000A54 /* Debug */,
				E850E39A284E072900000A54 /* Release */,
			);
			defaultConfigurationIsVisible = 0;
			defaultConfigurationName = Release;
		};
		E850E39B284E072900000A54 /* Build configuration list for PBXNativeTarget "Tests macOS" */ = {
			isa = XCConfigurationList;
			buildConfigurations = (
				E850E39C284E072900000A54 /* Debug */,
				E850E39D284E072900000A54 /* Release */,
			);
			defaultConfigurationIsVisible = 0;
			defaultConfigurationName = Release;
		};
/* End XCConfigurationList section */

/* Begin XCVersionGroup section */
		E850E35B284E072800000A54 /* scrumdinger.xcdatamodeld */ = {
			isa = XCVersionGroup;
			children = (
				E850E35C284E072800000A54 /* Shared.xcdatamodel */,
			);
			currentVersion = E850E35C284E072800000A54 /* Shared.xcdatamodel */;
			path = scrumdinger.xcdatamodeld;
			sourceTree = "<group>";
			versionGroupType = wrapper.xcdatamodel;
		};
/* End XCVersionGroup section */
	};
	rootObject = E850E356284E072800000A54 /* Project object */;
}
